
Microsoft Visual Studio Solution File, Format Version 12.00
# Visual Studio 15
VisualStudioVersion = 15.0.26124.0
MinimumVisualStudioVersion = 15.0.26124.0
Project("{6EC3EE1D-3C4E-46DD-8F32-0CC8E7565705}") = "Natty", "Natty/Natty.fsproj", "{52B591A2-E68E-48EB-8969-A669622C53F3}"
EndProject
Project("{6EC3EE1D-3C4E-46DD-8F32-0CC8E7565705}") = "Natty.Tests", "Natty.Tests/Natty.Tests.fsproj", "{7288E1DD-8639-4648-89B0-4E3320639CAC}"
EndProject
Global
	GlobalSection(SolutionConfigurationPlatforms) = preSolution
		Debug|Any CPU = Debug|Any CPU
		Debug|x64 = Debug|x64
		Debug|x86 = Debug|x86
		Release|Any CPU = Release|Any CPU
		Release|x64 = Release|x64
		Release|x86 = Release|x86
	EndGlobalSection
	GlobalSection(SolutionProperties) = preSolution
		HideSolutionNode = FALSE
	EndGlobalSection
	GlobalSection(ProjectConfigurationPlatforms) = postSolution
		{52B591A2-E68E-48EB-8969-A669622C53F3}.Debug|Any CPU.ActiveCfg = Debug|Any CPU
		{52B591A2-E68E-48EB-8969-A669622C53F3}.Debug|Any CPU.Build.0 = Debug|Any CPU
		{52B591A2-E68E-48EB-8969-A669622C53F3}.Debug|x64.ActiveCfg = Debug|x64
		{52B591A2-E68E-48EB-8969-A669622C53F3}.Debug|x64.Build.0 = Debug|x64
		{52B591A2-E68E-48EB-8969-A669622C53F3}.Debug|x86.ActiveCfg = Debug|x86
		{52B591A2-E68E-48EB-8969-A669622C53F3}.Debug|x86.Build.0 = Debug|x86
		{52B591A2-E68E-48EB-8969-A669622C53F3}.Release|Any CPU.ActiveCfg = Release|Any CPU
		{52B591A2-E68E-48EB-8969-A669622C53F3}.Release|Any CPU.Build.0 = Release|Any CPU
		{52B591A2-E68E-48EB-8969-A669622C53F3}.Release|x64.ActiveCfg = Release|x64
		{52B591A2-E68E-48EB-8969-A669622C53F3}.Release|x64.Build.0 = Release|x64
		{52B591A2-E68E-48EB-8969-A669622C53F3}.Release|x86.ActiveCfg = Release|x86
		{52B591A2-E68E-48EB-8969-A669622C53F3}.Release|x86.Build.0 = Release|x86
		{7288E1DD-8639-4648-89B0-4E3320639CAC}.Debug|Any CPU.ActiveCfg = Debug|Any CPU
		{7288E1DD-8639-4648-89B0-4E3320639CAC}.Debug|Any CPU.Build.0 = Debug|Any CPU
		{7288E1DD-8639-4648-89B0-4E3320639CAC}.Debug|x64.ActiveCfg = Debug|x64
		{7288E1DD-8639-4648-89B0-4E3320639CAC}.Debug|x64.Build.0 = Debug|x64
		{7288E1DD-8639-4648-89B0-4E3320639CAC}.Debug|x86.ActiveCfg = Debug|x86
		{7288E1DD-8639-4648-89B0-4E3320639CAC}.Debug|x86.Build.0 = Debug|x86
		{7288E1DD-8639-4648-89B0-4E3320639CAC}.Release|Any CPU.ActiveCfg = Release|Any CPU
		{7288E1DD-8639-4648-89B0-4E3320639CAC}.Release|Any CPU.Build.0 = Release|Any CPU
		{7288E1DD-8639-4648-89B0-4E3320639CAC}.Release|x64.ActiveCfg = Release|x64
		{7288E1DD-8639-4648-89B0-4E3320639CAC}.Release|x64.Build.0 = Release|x64
		{7288E1DD-8639-4648-89B0-4E3320639CAC}.Release|x86.ActiveCfg = Release|x86
		{7288E1DD-8639-4648-89B0-4E3320639CAC}.Release|x86.Build.0 = Release|x86
	EndGlobalSection
EndGlobal
