Microsoft Visual Studio Solution File, Format Version 12.00
# Visual Studio Version 16
VisualStudioVersion = 16.0.30011.22
MinimumVisualStudioVersion = 15.0.26124.0
Project("{6EC3EE1D-3C4E-46DD-8F32-0CC8E7565705}") = "Natty", "Natty\Natty.fsproj", "{52B591A2-E68E-48EB-8969-A669622C53F3}"
EndProject
Project("{6EC3EE1D-3C4E-46DD-8F32-0CC8E7565705}") = "Natty.Tests", "Natty.Tests\Natty.Tests.fsproj", "{7288E1DD-8639-4648-89B0-4E3320639CAC}"
EndProject
Project("{6EC3EE1D-3C4E-46DD-8F32-0CC8E7565705}") = "Natty.Mappy", "Natty.Mappy\Natty.Mappy.fsproj", "{F11908DA-9891-469F-912D-33AE7AE9CE11}"
EndProject
Global
	GlobalSection(SolutionConfigurationPlatforms) = preSolution
		Debug|Any CPU = Debug|Any CPU
		Debug|x64 = Debug|x64
		Debug|x86 = Debug|x86
		Release|Any CPU = Release|Any CPU
		Release|x64 = Release|x64
		Release|x86 = Release|x86
	EndGlobalSection
	GlobalSection(ProjectConfigurationPlatforms) = postSolution
		{52B591A2-E68E-48EB-8969-A669622C53F3}.Debug|Any CPU.ActiveCfg = Debug|Any CPU
		{52B591A2-E68E-48EB-8969-A669622C53F3}.Debug|Any CPU.Build.0 = Debug|Any CPU
		{52B591A2-E68E-48EB-8969-A669622C53F3}.Debug|x64.ActiveCfg = Debug|Any CPU
		{52B591A2-E68E-48EB-8969-A669622C53F3}.Debug|x64.Build.0 = Debug|Any CPU
		{52B591A2-E68E-48EB-8969-A669622C53F3}.Debug|x86.ActiveCfg = Debug|Any CPU
		{52B591A2-E68E-48EB-8969-A669622C53F3}.Debug|x86.Build.0 = Debug|Any CPU
		{52B591A2-E68E-48EB-8969-A669622C53F3}.Release|Any CPU.ActiveCfg = Release|Any CPU
		{52B591A2-E68E-48EB-8969-A669622C53F3}.Release|Any CPU.Build.0 = Release|Any CPU
		{52B591A2-E68E-48EB-8969-A669622C53F3}.Release|x64.ActiveCfg = Release|Any CPU
		{52B591A2-E68E-48EB-8969-A669622C53F3}.Release|x64.Build.0 = Release|Any CPU
		{52B591A2-E68E-48EB-8969-A669622C53F3}.Release|x86.ActiveCfg = Release|Any CPU
		{52B591A2-E68E-48EB-8969-A669622C53F3}.Release|x86.Build.0 = Release|Any CPU
		{7288E1DD-8639-4648-89B0-4E3320639CAC}.Debug|Any CPU.ActiveCfg = Debug|Any CPU
		{7288E1DD-8639-4648-89B0-4E3320639CAC}.Debug|Any CPU.Build.0 = Debug|Any CPU
		{7288E1DD-8639-4648-89B0-4E3320639CAC}.Debug|x64.ActiveCfg = Debug|Any CPU
		{7288E1DD-8639-4648-89B0-4E3320639CAC}.Debug|x64.Build.0 = Debug|Any CPU
		{7288E1DD-8639-4648-89B0-4E3320639CAC}.Debug|x86.ActiveCfg = Debug|Any CPU
		{7288E1DD-8639-4648-89B0-4E3320639CAC}.Debug|x86.Build.0 = Debug|Any CPU
		{7288E1DD-8639-4648-89B0-4E3320639CAC}.Release|Any CPU.ActiveCfg = Release|Any CPU
		{7288E1DD-8639-4648-89B0-4E3320639CAC}.Release|Any CPU.Build.0 = Release|Any CPU
		{7288E1DD-8639-4648-89B0-4E3320639CAC}.Release|x64.ActiveCfg = Release|Any CPU
		{7288E1DD-8639-4648-89B0-4E3320639CAC}.Release|x64.Build.0 = Release|Any CPU
		{7288E1DD-8639-4648-89B0-4E3320639CAC}.Release|x86.ActiveCfg = Release|Any CPU
		{7288E1DD-8639-4648-89B0-4E3320639CAC}.Release|x86.Build.0 = Release|Any CPU
		{F11908DA-9891-469F-912D-33AE7AE9CE11}.Debug|Any CPU.ActiveCfg = Debug|Any CPU
		{F11908DA-9891-469F-912D-33AE7AE9CE11}.Debug|Any CPU.Build.0 = Debug|Any CPU
		{F11908DA-9891-469F-912D-33AE7AE9CE11}.Debug|x64.ActiveCfg = Debug|Any CPU
		{F11908DA-9891-469F-912D-33AE7AE9CE11}.Debug|x64.Build.0 = Debug|Any CPU
		{F11908DA-9891-469F-912D-33AE7AE9CE11}.Debug|x86.ActiveCfg = Debug|Any CPU
		{F11908DA-9891-469F-912D-33AE7AE9CE11}.Debug|x86.Build.0 = Debug|Any CPU
		{F11908DA-9891-469F-912D-33AE7AE9CE11}.Release|Any CPU.ActiveCfg = Release|Any CPU
		{F11908DA-9891-469F-912D-33AE7AE9CE11}.Release|Any CPU.Build.0 = Release|Any CPU
		{F11908DA-9891-469F-912D-33AE7AE9CE11}.Release|x64.ActiveCfg = Release|Any CPU
		{F11908DA-9891-469F-912D-33AE7AE9CE11}.Release|x64.Build.0 = Release|Any CPU
		{F11908DA-9891-469F-912D-33AE7AE9CE11}.Release|x86.ActiveCfg = Release|Any CPU
		{F11908DA-9891-469F-912D-33AE7AE9CE11}.Release|x86.Build.0 = Release|Any CPU
	EndGlobalSection
	GlobalSection(SolutionProperties) = preSolution
		HideSolutionNode = FALSE
	EndGlobalSection
	GlobalSection(ExtensibilityGlobals) = postSolution
		SolutionGuid = {61646465-511D-480C-AF2A-CDEC2E0C6DDA}
	EndGlobalSection
EndGlobal
